# THIS IS AN AUTOGENERATED FILE. DO NOT EDIT THIS FILE DIRECTLY.
assets/giftcard.js:
  development: 2017-11-04T10:03:03-04:00   b771bb1917067a40642c2d8e27cf877d
assets/ico-select.svg.liquid:
  development: 2017-11-04T10:03:03-04:00   765be6d2ef08d76aa0f1aab48a10e2b7
assets/theme.js:
  development: 2017-11-04T10:03:03-04:00   922926c119b5aded82d5fc79bc3466aa
assets/theme.scss.liquid:
  development: 2017-11-04T10:03:03-04:00   6b803f909047a76f0929c464069bc5f8
assets/vendor.js:
  development: 2017-11-04T10:03:03-04:00   b8e8dbe1aaf11c882d6d849a708113d1
config/settings_data.json:
  development: 2017-11-04T10:03:03-04:00   40e9d3a24a9f228749b7a10971cc01a8
config/settings_schema.json:
  development: 2017-11-04T10:03:04-04:00   09dfa69062a0a6171bd81a999f6f9187
layout/gift_card.liquid:
  development: 2017-11-04T10:03:03-04:00   b58166c5e68a3ac6fc885d27b6c84eb4
layout/password.liquid:
  development: 2017-11-04T10:03:03-04:00   a3126a75f83c949db861167020c63219
layout/theme.liquid:
  development: 2017-11-04T10:03:03-04:00   e01361e19a52d085a2d625b79697fd14
locales/da.json:
  development: 2017-11-04T10:03:03-04:00   95a58eb18067e4498baaf8f5e1ba3b42
locales/de.json:
  development: 2017-11-04T10:03:03-04:00   310ea9d2ac8d9fdb8f48ba2a0323e9e5
locales/en.default.json:
  development: 2017-11-04T10:03:03-04:00   2f47890b5e428a912983c2cdda538fc6
locales/es.json:
  development: 2017-11-04T10:03:03-04:00   5bef99727aa4c751ec7e7ec7bcf6c04c
locales/fr.json:
  development: 2017-11-04T10:03:03-04:00   dd11a8356b5ae41c443e3220b667ac32
locales/nl.json:
  development: 2017-11-04T10:03:03-04:00   097257892606991bed01c4fe846c8898
locales/pt-BR.json:
  development: 2017-11-04T10:03:03-04:00   6b58156c31cabf07a0394cb51f37c6ec
locales/pt-PT.json:
  development: 2017-11-04T10:03:03-04:00   1f39689b8220b99560c72f413f651461
sections/collection-list.liquid:
  development: 2017-11-04T10:03:03-04:00   28d3dfaf9923361395f2e9dd48d4b2d4
sections/featured-collection.liquid:
  development: 2017-11-04T10:03:03-04:00   dcf1c5bab79447361a4e841cf5adc148
sections/featured-product.liquid:
  development: 2017-11-04T10:03:03-04:00   fb5c9c800bf3dc82d073817363333542
sections/footer.liquid:
  development: 2017-11-04T10:03:03-04:00   115c4802abfc316af2d3a3eb5c91b0fe
sections/header.liquid:
  development: 2017-11-04T10:03:03-04:00   0e99971a339666cf622a3b6955d218d0
sections/product.liquid:
  development: 2017-11-04T10:03:03-04:00   b90215eec1bcd1f1034d6f6fa0f377cd
snippets/icon-amazon_payments.liquid:
  development: 2017-11-04T10:03:03-04:00   b5ff59d6df578a0fc1ca86322682cbaf
snippets/icon-american_express.liquid:
  development: 2017-11-04T10:03:03-04:00   9da829decce6867b8de60a183c94d099
snippets/icon-apple_pay.liquid:
  development: 2017-11-04T10:03:03-04:00   f679a56cc48b7bf65ea998f8c5029937
snippets/icon-arrow-down.liquid:
  development: 2017-11-04T10:03:04-04:00   4220a296e469301813f0696d88df0b82
snippets/icon-bitcoin.liquid:
  development: 2017-11-04T10:03:04-04:00   d8cb31e0401818c1cb852348b6f27420
snippets/icon-cart.liquid:
  development: 2017-11-04T10:03:04-04:00   997476c1a780e5dcefac1458a9aab8b9
snippets/icon-cirrus.liquid:
  development: 2017-11-04T10:03:04-04:00   fcbd6ce7e38d7946c921c8ed6ad5ca71
snippets/icon-close.liquid:
  development: 2017-11-04T10:03:04-04:00   1ae4758b5f5e0acc627a32e96ed79da9
snippets/icon-dankort.liquid:
  development: 2017-11-04T10:03:04-04:00   796e1e822b3e46784d303b48c9db5b29
snippets/icon-diners_club.liquid:
  development: 2017-11-04T10:03:04-04:00   cf70ea54486bb14c286264f90dab9ff8
snippets/icon-discover.liquid:
  development: 2017-11-04T10:03:04-04:00   b43221b39bc3df37f7e6c7810d3e54d8
snippets/icon-dogecoin.liquid:
  development: 2017-11-04T10:03:04-04:00   67abfb757def8ef6ad3e8501af6b98bd
snippets/icon-dwolla.liquid:
  development: 2017-11-04T10:03:04-04:00   30b9fb88641a559f68f401a1a95506e5
snippets/icon-facebook.liquid:
  development: 2017-11-04T10:03:04-04:00   334588042b292f2d7335fd2791c35eca
snippets/icon-forbrugsforeningen.liquid:
  development: 2017-11-04T10:03:04-04:00   dc60dbbf37b6b40ce2d5e8efb6a5cd7b
snippets/icon-hamburger.liquid:
  development: 2017-11-04T10:03:04-04:00   c61b1caa743b5790de67f0ccc8f3ba04
snippets/icon-instagram.liquid:
  development: 2017-11-04T10:03:04-04:00   bf50214819f6e2a5f053593e2414526d
snippets/icon-interac.liquid:
  development: 2017-11-04T10:03:04-04:00   24c4d22a98c0574c32fc02fe39e34b80
snippets/icon-jcb.liquid:
  development: 2017-11-04T10:03:04-04:00   275259ce80a1b368d0e5afcf7d6bb6f3
snippets/icon-litecoin.liquid:
  development: 2017-11-04T10:03:04-04:00   051dfcb36fa17b532a087b12f0a49e0e
snippets/icon-lock.liquid:
  development: 2017-11-04T10:03:04-04:00   60ae7ba03d14efa582faed8855821a58
snippets/icon-maestro.liquid:
  development: 2017-11-04T10:03:04-04:00   a540b6db188a28fb8f72ed741a897330
snippets/icon-master.liquid:
  development: 2017-11-04T10:03:04-04:00   a8160577c52110a093d7120692bb6241
snippets/icon-minus.liquid:
  development: 2017-11-04T10:03:04-04:00   78c513424d498299e865f8a242823ad0
snippets/icon-paypal.liquid:
  development: 2017-11-04T10:03:04-04:00   1b0d7db160b229b8519cccf2514ee676
snippets/icon-pinterest.liquid:
  development: 2017-11-04T10:03:04-04:00   701f2a785b3fa83d63e3ab54af060031
snippets/icon-plus.liquid:
  development: 2017-11-04T10:03:04-04:00   ba5297f64eb7ea97f1785e8166e11231
snippets/icon-rss.liquid:
  development: 2017-11-04T10:03:04-04:00   192c99ddafd680c55f2fd9261df8d871
snippets/icon-search.liquid:
  development: 2017-11-04T10:03:04-04:00   a87ad34972418ed6358f17c62949f804
snippets/icon-shopify-logo.liquid:
  development: 2017-11-04T10:03:04-04:00   70ebbe66d8a1bf488965e2ad372408c6
snippets/icon-snapchat.liquid:
  development: 2017-11-04T10:03:04-04:00   d6f0dedb86544b535e6ea5b25f66ef0d
snippets/icon-tumblr.liquid:
  development: 2017-11-04T10:03:04-04:00   d71a4ada77a8a9b6bd792bdafef393de
snippets/icon-twitter.liquid:
  development: 2017-11-04T10:03:04-04:00   24047c22697a23a0baabf2804adc6c11
snippets/icon-vimeo.liquid:
  development: 2017-11-04T10:03:04-04:00   a229ed8a1a81e6ef95ad621f8a34efb6
snippets/icon-visa.liquid:
  development: 2017-11-04T10:03:04-04:00   9098533cd59e385d2672f6d8b7fa4b04
snippets/icon-youtube.liquid:
  development: 2017-11-04T10:03:04-04:00   9d72c5bc3eaa14a3e7aefd921881b1ae
snippets/no-blocks.liquid:
  development: 2017-11-04T10:03:04-04:00   0cb7d758b6df0feb07ae5804b4b627fa
snippets/pagination.liquid:
  development: 2017-11-04T10:03:04-04:00   d4a467973d86f8663428ddaaaf035d12
snippets/social-meta-tags.liquid:
  development: 2017-11-04T10:03:04-04:00   312dfc487a1aa92503527dbc4a4e56b4
snippets/social-sharing.liquid:
  development: 2017-11-04T10:03:04-04:00   987f1d283ac10d7849dc69d76221e37a
templates/404.liquid:
  development: 2017-11-04T10:03:04-04:00   a345bd048463d3bb245873ed26a41a98
templates/article.liquid:
  development: 2017-11-04T10:03:04-04:00   fac07164de019c3ce659632f62be372c
templates/blog.liquid:
  development: 2017-11-04T10:03:04-04:00   6afa6d4a6ed4b457f72a4c28c536dca9
templates/cart.liquid:
  development: 2017-11-04T10:03:04-04:00   f927f61105d8bc9cd43f052dbc4a1e63
templates/collection.liquid:
  development: 2017-11-04T10:03:04-04:00   8c430fd39393e7fb7f9a1a7a585cc11b
templates/customers/account.liquid:
  development: 2017-11-04T10:03:04-04:00   4742bf0cc429943e699cbe9a0f528fa8
templates/customers/activate_account.liquid:
  development: 2017-11-04T10:03:04-04:00   9df448bfebd9818755cc375260469e32
templates/customers/addresses.liquid:
  development: 2017-11-04T10:03:04-04:00   3bf9b443cb0d71292ff3a1066df19ee1
templates/customers/login.liquid:
  development: 2017-11-04T10:03:04-04:00   5fb605d8eccf7d3109898209f7eb4ead
templates/customers/order.liquid:
  development: 2017-11-04T10:03:04-04:00   97a230cba05826518856f52fe8c6bad5
templates/customers/register.liquid:
  development: 2017-11-04T10:03:04-04:00   5daf7cefee78a7ce0ce75aa59a64d4c3
templates/customers/reset_password.liquid:
  development: 2017-11-04T10:03:04-04:00   f6e5f6d66dacbb6fffd82fb1a6d29cd4
templates/gift_card.liquid:
  development: 2017-11-04T10:03:04-04:00   69ebb9767564780f5bc82e2c18bc6eb7
templates/index.liquid:
  development: 2017-11-04T10:03:04-04:00   56b51b6f96394db4b17c64b43e1c0010
templates/list-collections.liquid:
  development: 2017-11-04T10:03:04-04:00   6abbd591b600d37e335daf0a1cd45026
templates/page.contact.liquid:
  development: 2017-11-04T10:03:04-04:00   88dad9ec10b277c434ca6ea082a70052
templates/page.liquid:
  development: 2017-11-04T10:03:04-04:00   300278d299a5171fee928f45c938cd54
templates/page.styles.liquid:
  development: 2017-11-04T10:03:04-04:00   9fb4c3208eda89312711db4cdc2773c7
templates/password.liquid:
  development: 2017-11-04T10:03:04-04:00   73bba9f7f2437720e1e1fde57b544859
templates/product.liquid:
  development: 2017-11-04T10:03:04-04:00   4fd44b8093bad2e827e58f5564520abb
templates/search.liquid:
  development: 2017-11-04T10:03:04-04:00   63801fc20846d04a1b422d5bf6d3ca45
